
Microsoft Visual Studio Solution File, Format Version 12.00
# Visual Studio Version 17
VisualStudioVersion = 17.0.31903.59
MinimumVisualStudioVersion = 10.0.40219.1
Project("{9A19103F-16F7-4668-BE54-9A1E7A4F7556}") = "Squirrel.Wiki.Core", "Squirrel.Wiki.Core\Squirrel.Wiki.Core.csproj", "{85D24F8B-AFAB-4474-A118-150007D22FAB}"
EndProject
Project("{9A19103F-16F7-4668-BE54-9A1E7A4F7556}") = "Squirrel.Wiki.Web", "Squirrel.Wiki.Web\Squirrel.Wiki.Web.csproj", "{4B8386B2-411D-4676-9277-F506DD1B89D6}"
EndProject
Project("{9A19103F-16F7-4668-BE54-9A1E7A4F7556}") = "Squirrel.Wiki.Plugins", "Squirrel.Wiki.Plugins\Squirrel.Wiki.Plugins.csproj", "{640F0A14-AABD-4C7C-BA75-30F3B52E60D6}"
EndProject
Project("{9A19103F-16F7-4668-BE54-9A1E7A4F7556}") = "Squirrel.Wiki.Core.Tests", "Squirrel.Wiki.Core.Tests\Squirrel.Wiki.Core.Tests.csproj", "{CEFF5FC4-5FA0-44EA-A971-64113424E281}"
EndProject
Project("{FAE04EC0-301F-11D3-BF4B-00C04F79EFBC}") = "Squirrel.Wiki.Contracts", "Squirrel.Wiki.Contracts\Squirrel.Wiki.Contracts.csproj", "{E9639786-A416-4179-8E01-37660724E66B}"
EndProject
Project("{FAE04EC0-301F-11D3-BF4B-00C04F79EFBC}") = "Squirrel.Wiki.Plugins.Oidc", "Squirrel.Wiki.Plugins.Oidc\Squirrel.Wiki.Plugins.Oidc.csproj", "{45D3A3B7-8AFD-4705-B98B-B7C73D0B6E6C}"
EndProject
Global
	GlobalSection(SolutionConfigurationPlatforms) = preSolution
		Debug|Any CPU = Debug|Any CPU
		Debug|x64 = Debug|x64
		Debug|x86 = Debug|x86
		Release|Any CPU = Release|Any CPU
		Release|x64 = Release|x64
		Release|x86 = Release|x86
	EndGlobalSection
	GlobalSection(ProjectConfigurationPlatforms) = postSolution
		{85D24F8B-AFAB-4474-A118-150007D22FAB}.Debug|Any CPU.ActiveCfg = Debug|Any CPU
		{85D24F8B-AFAB-4474-A118-150007D22FAB}.Debug|Any CPU.Build.0 = Debug|Any CPU
		{85D24F8B-AFAB-4474-A118-150007D22FAB}.Debug|x64.ActiveCfg = Debug|Any CPU
		{85D24F8B-AFAB-4474-A118-150007D22FAB}.Debug|x64.Build.0 = Debug|Any CPU
		{85D24F8B-AFAB-4474-A118-150007D22FAB}.Debug|x86.ActiveCfg = Debug|Any CPU
		{85D24F8B-AFAB-4474-A118-150007D22FAB}.Debug|x86.Build.0 = Debug|Any CPU
		{85D24F8B-AFAB-4474-A118-150007D22FAB}.Release|Any CPU.ActiveCfg = Release|Any CPU
		{85D24F8B-AFAB-4474-A118-150007D22FAB}.Release|Any CPU.Build.0 = Release|Any CPU
		{85D24F8B-AFAB-4474-A118-150007D22FAB}.Release|x64.ActiveCfg = Release|Any CPU
		{85D24F8B-AFAB-4474-A118-150007D22FAB}.Release|x64.Build.0 = Release|Any CPU
		{85D24F8B-AFAB-4474-A118-150007D22FAB}.Release|x86.ActiveCfg = Release|Any CPU
		{85D24F8B-AFAB-4474-A118-150007D22FAB}.Release|x86.Build.0 = Release|Any CPU
		{4B8386B2-411D-4676-9277-F506DD1B89D6}.Debug|Any CPU.ActiveCfg = Debug|Any CPU
		{4B8386B2-411D-4676-9277-F506DD1B89D6}.Debug|Any CPU.Build.0 = Debug|Any CPU
		{4B8386B2-411D-4676-9277-F506DD1B89D6}.Debug|x64.ActiveCfg = Debug|Any CPU
		{4B8386B2-411D-4676-9277-F506DD1B89D6}.Debug|x64.Build.0 = Debug|Any CPU
		{4B8386B2-411D-4676-9277-F506DD1B89D6}.Debug|x86.ActiveCfg = Debug|Any CPU
		{4B8386B2-411D-4676-9277-F506DD1B89D6}.Debug|x86.Build.0 = Debug|Any CPU
		{4B8386B2-411D-4676-9277-F506DD1B89D6}.Release|Any CPU.ActiveCfg = Release|Any CPU
		{4B8386B2-411D-4676-9277-F506DD1B89D6}.Release|Any CPU.Build.0 = Release|Any CPU
		{4B8386B2-411D-4676-9277-F506DD1B89D6}.Release|x64.ActiveCfg = Release|Any CPU
		{4B8386B2-411D-4676-9277-F506DD1B89D6}.Release|x64.Build.0 = Release|Any CPU
		{4B8386B2-411D-4676-9277-F506DD1B89D6}.Release|x86.ActiveCfg = Release|Any CPU
		{4B8386B2-411D-4676-9277-F506DD1B89D6}.Release|x86.Build.0 = Release|Any CPU
		{640F0A14-AABD-4C7C-BA75-30F3B52E60D6}.Debug|Any CPU.ActiveCfg = Debug|Any CPU
		{640F0A14-AABD-4C7C-BA75-30F3B52E60D6}.Debug|Any CPU.Build.0 = Debug|Any CPU
		{640F0A14-AABD-4C7C-BA75-30F3B52E60D6}.Debug|x64.ActiveCfg = Debug|Any CPU
		{640F0A14-AABD-4C7C-BA75-30F3B52E60D6}.Debug|x64.Build.0 = Debug|Any CPU
		{640F0A14-AABD-4C7C-BA75-30F3B52E60D6}.Debug|x86.ActiveCfg = Debug|Any CPU
		{640F0A14-AABD-4C7C-BA75-30F3B52E60D6}.Debug|x86.Build.0 = Debug|Any CPU
		{640F0A14-AABD-4C7C-BA75-30F3B52E60D6}.Release|Any CPU.ActiveCfg = Release|Any CPU
		{640F0A14-AABD-4C7C-BA75-30F3B52E60D6}.Release|Any CPU.Build.0 = Release|Any CPU
		{640F0A14-AABD-4C7C-BA75-30F3B52E60D6}.Release|x64.ActiveCfg = Release|Any CPU
		{640F0A14-AABD-4C7C-BA75-30F3B52E60D6}.Release|x64.Build.0 = Release|Any CPU
		{640F0A14-AABD-4C7C-BA75-30F3B52E60D6}.Release|x86.ActiveCfg = Release|Any CPU
		{640F0A14-AABD-4C7C-BA75-30F3B52E60D6}.Release|x86.Build.0 = Release|Any CPU
		{CEFF5FC4-5FA0-44EA-A971-64113424E281}.Debug|Any CPU.ActiveCfg = Debug|Any CPU
		{CEFF5FC4-5FA0-44EA-A971-64113424E281}.Debug|Any CPU.Build.0 = Debug|Any CPU
		{CEFF5FC4-5FA0-44EA-A971-64113424E281}.Debug|x64.ActiveCfg = Debug|Any CPU
		{CEFF5FC4-5FA0-44EA-A971-64113424E281}.Debug|x64.Build.0 = Debug|Any CPU
		{CEFF5FC4-5FA0-44EA-A971-64113424E281}.Debug|x86.ActiveCfg = Debug|Any CPU
		{CEFF5FC4-5FA0-44EA-A971-64113424E281}.Debug|x86.Build.0 = Debug|Any CPU
		{CEFF5FC4-5FA0-44EA-A971-64113424E281}.Release|Any CPU.ActiveCfg = Release|Any CPU
		{CEFF5FC4-5FA0-44EA-A971-64113424E281}.Release|Any CPU.Build.0 = Release|Any CPU
		{CEFF5FC4-5FA0-44EA-A971-64113424E281}.Release|x64.ActiveCfg = Release|Any CPU
		{CEFF5FC4-5FA0-44EA-A971-64113424E281}.Release|x64.Build.0 = Release|Any CPU
		{CEFF5FC4-5FA0-44EA-A971-64113424E281}.Release|x86.ActiveCfg = Release|Any CPU
		{CEFF5FC4-5FA0-44EA-A971-64113424E281}.Release|x86.Build.0 = Release|Any CPU
		{E9639786-A416-4179-8E01-37660724E66B}.Debug|Any CPU.ActiveCfg = Debug|Any CPU
		{E9639786-A416-4179-8E01-37660724E66B}.Debug|Any CPU.Build.0 = Debug|Any CPU
		{E9639786-A416-4179-8E01-37660724E66B}.Debug|x64.ActiveCfg = Debug|Any CPU
		{E9639786-A416-4179-8E01-37660724E66B}.Debug|x64.Build.0 = Debug|Any CPU
		{E9639786-A416-4179-8E01-37660724E66B}.Debug|x86.ActiveCfg = Debug|Any CPU
		{E9639786-A416-4179-8E01-37660724E66B}.Debug|x86.Build.0 = Debug|Any CPU
		{E9639786-A416-4179-8E01-37660724E66B}.Release|Any CPU.ActiveCfg = Release|Any CPU
		{E9639786-A416-4179-8E01-37660724E66B}.Release|Any CPU.Build.0 = Release|Any CPU
		{E9639786-A416-4179-8E01-37660724E66B}.Release|x64.ActiveCfg = Release|Any CPU
		{E9639786-A416-4179-8E01-37660724E66B}.Release|x64.Build.0 = Release|Any CPU
		{E9639786-A416-4179-8E01-37660724E66B}.Release|x86.ActiveCfg = Release|Any CPU
		{E9639786-A416-4179-8E01-37660724E66B}.Release|x86.Build.0 = Release|Any CPU
		{45D3A3B7-8AFD-4705-B98B-B7C73D0B6E6C}.Debug|Any CPU.ActiveCfg = Debug|Any CPU
		{45D3A3B7-8AFD-4705-B98B-B7C73D0B6E6C}.Debug|Any CPU.Build.0 = Debug|Any CPU
		{45D3A3B7-8AFD-4705-B98B-B7C73D0B6E6C}.Debug|x64.ActiveCfg = Debug|Any CPU
		{45D3A3B7-8AFD-4705-B98B-B7C73D0B6E6C}.Debug|x64.Build.0 = Debug|Any CPU
		{45D3A3B7-8AFD-4705-B98B-B7C73D0B6E6C}.Debug|x86.ActiveCfg = Debug|Any CPU
		{45D3A3B7-8AFD-4705-B98B-B7C73D0B6E6C}.Debug|x86.Build.0 = Debug|Any CPU
		{45D3A3B7-8AFD-4705-B98B-B7C73D0B6E6C}.Release|Any CPU.ActiveCfg = Release|Any CPU
		{45D3A3B7-8AFD-4705-B98B-B7C73D0B6E6C}.Release|Any CPU.Build.0 = Release|Any CPU
		{45D3A3B7-8AFD-4705-B98B-B7C73D0B6E6C}.Release|x64.ActiveCfg = Release|Any CPU
		{45D3A3B7-8AFD-4705-B98B-B7C73D0B6E6C}.Release|x64.Build.0 = Release|Any CPU
		{45D3A3B7-8AFD-4705-B98B-B7C73D0B6E6C}.Release|x86.ActiveCfg = Release|Any CPU
		{45D3A3B7-8AFD-4705-B98B-B7C73D0B6E6C}.Release|x86.Build.0 = Release|Any CPU
	EndGlobalSection
	GlobalSection(SolutionProperties) = preSolution
		HideSolutionNode = FALSE
	EndGlobalSection
EndGlobal
